// !$*UTF8*$!
{
	archiveVersion = 1;
	classes = {
	};
	objectVersion = 56;
	objects = {

/* Begin PBXBuildFile section */
		188B8CA12B55E6CD00913535 /* CardsOfOpportunityApp.swift in Sources */ = {isa = PBXBuildFile; fileRef = 188B8CA02B55E6CD00913535 /* CardsOfOpportunityApp.swift */; };
		188B8CA52B55E6CE00913535 /* Assets.xcassets in Resources */ = {isa = PBXBuildFile; fileRef = 188B8CA42B55E6CE00913535 /* Assets.xcassets */; };
		188B8CA82B55E6CE00913535 /* Preview Assets.xcassets in Resources */ = {isa = PBXBuildFile; fileRef = 188B8CA72B55E6CE00913535 /* Preview Assets.xcassets */; };
		188B8CB22B55E6CE00913535 /* CardsOfOpprotunityTests.swift in Sources */ = {isa = PBXBuildFile; fileRef = 188B8CB12B55E6CE00913535 /* CardsOfOpprotunityTests.swift */; };
		188B8CBC2B55E6CE00913535 /* CardsOfOpprotunityUITests.swift in Sources */ = {isa = PBXBuildFile; fileRef = 188B8CBB2B55E6CE00913535 /* CardsOfOpprotunityUITests.swift */; };
		188B8CBE2B55E6CE00913535 /* CardsOfOpprotunityUITestsLaunchTests.swift in Sources */ = {isa = PBXBuildFile; fileRef = 188B8CBD2B55E6CE00913535 /* CardsOfOpprotunityUITestsLaunchTests.swift */; };
		18F090692B5C79B7006F250E /* SetupView.swift in Sources */ = {isa = PBXBuildFile; fileRef = 18F090682B5C79B7006F250E /* SetupView.swift */; };
		18F0906B2B5C79F3006F250E /* GameDataModel.swift in Sources */ = {isa = PBXBuildFile; fileRef = 18F0906A2B5C79F3006F250E /* GameDataModel.swift */; };
		1B5E716A2B5789D300C3920B /* NetworkingError.swift in Sources */ = {isa = PBXBuildFile; fileRef = 1B5E71692B5789D300C3920B /* NetworkingError.swift */; };
		1B5E716C2B5796DB00C3920B /* GameViewModel.swift in Sources */ = {isa = PBXBuildFile; fileRef = 1B5E716B2B5796DB00C3920B /* GameViewModel.swift */; };
		1B5E716F2B57975800C3920B /* Card.swift in Sources */ = {isa = PBXBuildFile; fileRef = 1B5E716E2B57975800C3920B /* Card.swift */; };
		1B5E71762B579F0800C3920B /* BoardGameView.swift in Sources */ = {isa = PBXBuildFile; fileRef = 1B5E71752B579F0800C3920B /* BoardGameView.swift */; };
		1B5E71782B57ABA200C3920B /* LoadingButton.swift in Sources */ = {isa = PBXBuildFile; fileRef = 1B5E71772B57ABA200C3920B /* LoadingButton.swift */; };
		1B83D8322B58EA5E007840F8 /* CardSelectionView.swift in Sources */ = {isa = PBXBuildFile; fileRef = 1B83D8312B58EA5E007840F8 /* CardSelectionView.swift */; };
		1B83D8342B58F229007840F8 /* CardGameNetworkManager.swift in Sources */ = {isa = PBXBuildFile; fileRef = 1B83D8332B58F229007840F8 /* CardGameNetworkManager.swift */; };
		1B83D8362B58FDB6007840F8 /* View+Extensions.swift in Sources */ = {isa = PBXBuildFile; fileRef = 1B83D8352B58FDB6007840F8 /* View+Extensions.swift */; };
		1BA3B3292B661CBC00FA2955 /* GameOverView.swift in Sources */ = {isa = PBXBuildFile; fileRef = 1BA3B3282B661CBC00FA2955 /* GameOverView.swift */; };
		1BA63B7A2B60BCEB0003E42C /* LaunchScreen.storyboard in Resources */ = {isa = PBXBuildFile; fileRef = 1BA63B792B60BCEB0003E42C /* LaunchScreen.storyboard */; };
		1BCA26272B63654500075717 /* RulesView.swift in Sources */ = {isa = PBXBuildFile; fileRef = 1BCA26262B63654500075717 /* RulesView.swift */; };
		1BCA262A2B636A0600075717 /* PlayerDetails.swift in Sources */ = {isa = PBXBuildFile; fileRef = 1BCA26292B636A0600075717 /* PlayerDetails.swift */; };
		1BD4FB9D2B5A3EA800A482A7 /* PlayerScoreTests.swift in Sources */ = {isa = PBXBuildFile; fileRef = 1BD4FB9C2B5A3EA800A482A7 /* PlayerScoreTests.swift */; };
		1BD4FB9F2B5A48CC00A482A7 /* MockNetworkManager.swift in Sources */ = {isa = PBXBuildFile; fileRef = 1BD4FB9E2B5A48CC00A482A7 /* MockNetworkManager.swift */; };
		1BD4FBA12B5A49E200A482A7 /* NetworkingTests.swift in Sources */ = {isa = PBXBuildFile; fileRef = 1BD4FBA02B5A49E200A482A7 /* NetworkingTests.swift */; };
/* End PBXBuildFile section */

/* Begin PBXContainerItemProxy section */
		188B8CAE2B55E6CE00913535 /* PBXContainerItemProxy */ = {
			isa = PBXContainerItemProxy;
			containerPortal = 188B8C952B55E6CD00913535 /* Project object */;
			proxyType = 1;
			remoteGlobalIDString = 188B8C9C2B55E6CD00913535;
			remoteInfo = CardsOfOpprotunity;
		};
		188B8CB82B55E6CE00913535 /* PBXContainerItemProxy */ = {
			isa = PBXContainerItemProxy;
			containerPortal = 188B8C952B55E6CD00913535 /* Project object */;
			proxyType = 1;
			remoteGlobalIDString = 188B8C9C2B55E6CD00913535;
			remoteInfo = CardsOfOpprotunity;
		};
/* End PBXContainerItemProxy section */

/* Begin PBXFileReference section */
		188B8C9D2B55E6CD00913535 /* CardsOfOpprotunity.app */ = {isa = PBXFileReference; explicitFileType = wrapper.application; includeInIndex = 0; path = CardsOfOpprotunity.app; sourceTree = BUILT_PRODUCTS_DIR; };
		188B8CA02B55E6CD00913535 /* CardsOfOpportunityApp.swift */ = {isa = PBXFileReference; lastKnownFileType = sourcecode.swift; path = CardsOfOpportunityApp.swift; sourceTree = "<group>"; };
		188B8CA42B55E6CE00913535 /* Assets.xcassets */ = {isa = PBXFileReference; lastKnownFileType = folder.assetcatalog; path = Assets.xcassets; sourceTree = "<group>"; };
		188B8CA72B55E6CE00913535 /* Preview Assets.xcassets */ = {isa = PBXFileReference; lastKnownFileType = folder.assetcatalog; path = "Preview Assets.xcassets"; sourceTree = "<group>"; };
		188B8CAD2B55E6CE00913535 /* CardsOfOpprotunityTests.xctest */ = {isa = PBXFileReference; explicitFileType = wrapper.cfbundle; includeInIndex = 0; path = CardsOfOpprotunityTests.xctest; sourceTree = BUILT_PRODUCTS_DIR; };
		188B8CB12B55E6CE00913535 /* CardsOfOpprotunityTests.swift */ = {isa = PBXFileReference; lastKnownFileType = sourcecode.swift; path = CardsOfOpprotunityTests.swift; sourceTree = "<group>"; };
		188B8CB72B55E6CE00913535 /* CardsOfOpprotunityUITests.xctest */ = {isa = PBXFileReference; explicitFileType = wrapper.cfbundle; includeInIndex = 0; path = CardsOfOpprotunityUITests.xctest; sourceTree = BUILT_PRODUCTS_DIR; };
		188B8CBB2B55E6CE00913535 /* CardsOfOpprotunityUITests.swift */ = {isa = PBXFileReference; lastKnownFileType = sourcecode.swift; path = CardsOfOpprotunityUITests.swift; sourceTree = "<group>"; };
		188B8CBD2B55E6CE00913535 /* CardsOfOpprotunityUITestsLaunchTests.swift */ = {isa = PBXFileReference; lastKnownFileType = sourcecode.swift; path = CardsOfOpprotunityUITestsLaunchTests.swift; sourceTree = "<group>"; };
		18F090682B5C79B7006F250E /* SetupView.swift */ = {isa = PBXFileReference; lastKnownFileType = sourcecode.swift; name = SetupView.swift; path = CardsOfOpprotunity/Views/GameConfigViews/SetupView.swift; sourceTree = SOURCE_ROOT; };
		18F0906A2B5C79F3006F250E /* GameDataModel.swift */ = {isa = PBXFileReference; lastKnownFileType = sourcecode.swift; name = GameDataModel.swift; path = CardsOfOpprotunity/Views/GameConfigViews/GameDataModel.swift; sourceTree = SOURCE_ROOT; };
		1B5E71692B5789D300C3920B /* NetworkingError.swift */ = {isa = PBXFileReference; lastKnownFileType = sourcecode.swift; path = NetworkingError.swift; sourceTree = "<group>"; };
		1B5E716B2B5796DB00C3920B /* GameViewModel.swift */ = {isa = PBXFileReference; lastKnownFileType = sourcecode.swift; path = GameViewModel.swift; sourceTree = "<group>"; };
		1B5E716E2B57975800C3920B /* Card.swift */ = {isa = PBXFileReference; lastKnownFileType = sourcecode.swift; path = Card.swift; sourceTree = "<group>"; };
		1B5E71752B579F0800C3920B /* BoardGameView.swift */ = {isa = PBXFileReference; lastKnownFileType = sourcecode.swift; path = BoardGameView.swift; sourceTree = "<group>"; };
		1B5E71772B57ABA200C3920B /* LoadingButton.swift */ = {isa = PBXFileReference; lastKnownFileType = sourcecode.swift; path = LoadingButton.swift; sourceTree = "<group>"; };
		1B83D8312B58EA5E007840F8 /* CardSelectionView.swift */ = {isa = PBXFileReference; lastKnownFileType = sourcecode.swift; path = CardSelectionView.swift; sourceTree = "<group>"; };
		1B83D8332B58F229007840F8 /* CardGameNetworkManager.swift */ = {isa = PBXFileReference; lastKnownFileType = sourcecode.swift; path = CardGameNetworkManager.swift; sourceTree = "<group>"; };
		1B83D8352B58FDB6007840F8 /* View+Extensions.swift */ = {isa = PBXFileReference; lastKnownFileType = sourcecode.swift; path = "View+Extensions.swift"; sourceTree = "<group>"; };
		1BA3B3282B661CBC00FA2955 /* GameOverView.swift */ = {isa = PBXFileReference; lastKnownFileType = sourcecode.swift; path = GameOverView.swift; sourceTree = "<group>"; };
		1BA63B792B60BCEB0003E42C /* LaunchScreen.storyboard */ = {isa = PBXFileReference; lastKnownFileType = file.storyboard; path = LaunchScreen.storyboard; sourceTree = "<group>"; };
		1BCA26262B63654500075717 /* RulesView.swift */ = {isa = PBXFileReference; lastKnownFileType = sourcecode.swift; path = RulesView.swift; sourceTree = "<group>"; };
		1BCA26292B636A0600075717 /* PlayerDetails.swift */ = {isa = PBXFileReference; lastKnownFileType = sourcecode.swift; path = PlayerDetails.swift; sourceTree = "<group>"; };
		1BD4FB9C2B5A3EA800A482A7 /* PlayerScoreTests.swift */ = {isa = PBXFileReference; lastKnownFileType = sourcecode.swift; path = PlayerScoreTests.swift; sourceTree = "<group>"; };
		1BD4FB9E2B5A48CC00A482A7 /* MockNetworkManager.swift */ = {isa = PBXFileReference; lastKnownFileType = sourcecode.swift; path = MockNetworkManager.swift; sourceTree = "<group>"; };
		1BD4FBA02B5A49E200A482A7 /* NetworkingTests.swift */ = {isa = PBXFileReference; lastKnownFileType = sourcecode.swift; path = NetworkingTests.swift; sourceTree = "<group>"; };
/* End PBXFileReference section */

/* Begin PBXFrameworksBuildPhase section */
		188B8C9A2B55E6CD00913535 /* Frameworks */ = {
			isa = PBXFrameworksBuildPhase;
			buildActionMask = 2147483647;
			files = (
			);
			runOnlyForDeploymentPostprocessing = 0;
		};
		188B8CAA2B55E6CE00913535 /* Frameworks */ = {
			isa = PBXFrameworksBuildPhase;
			buildActionMask = 2147483647;
			files = (
			);
			runOnlyForDeploymentPostprocessing = 0;
		};
		188B8CB42B55E6CE00913535 /* Frameworks */ = {
			isa = PBXFrameworksBuildPhase;
			buildActionMask = 2147483647;
			files = (
			);
			runOnlyForDeploymentPostprocessing = 0;
		};
/* End PBXFrameworksBuildPhase section */

/* Begin PBXGroup section */
		188B8C942B55E6CD00913535 = {
			isa = PBXGroup;
			children = (
				1BA63B792B60BCEB0003E42C /* LaunchScreen.storyboard */,
				188B8CA02B55E6CD00913535 /* CardsOfOpportunityApp.swift */,
				188B8C9F2B55E6CD00913535 /* CardsOfOpprotunity */,
				188B8CB02B55E6CE00913535 /* CardsOfOpprotunityTests */,
				188B8CBA2B55E6CE00913535 /* CardsOfOpprotunityUITests */,
				188B8C9E2B55E6CD00913535 /* Products */,
			);
			sourceTree = "<group>";
		};
		188B8C9E2B55E6CD00913535 /* Products */ = {
			isa = PBXGroup;
			children = (
				188B8C9D2B55E6CD00913535 /* CardsOfOpprotunity.app */,
				188B8CAD2B55E6CE00913535 /* CardsOfOpprotunityTests.xctest */,
				188B8CB72B55E6CE00913535 /* CardsOfOpprotunityUITests.xctest */,
			);
			name = Products;
			sourceTree = "<group>";
		};
		188B8C9F2B55E6CD00913535 /* CardsOfOpprotunity */ = {
			isa = PBXGroup;
			children = (
				1B5E71742B579ED400C3920B /* Resources */,
				1B5E71712B579EAD00C3920B /* Utilities */,
				1B5E71702B579E9900C3920B /* Views */,
				1B5E716D2B57975100C3920B /* Model */,
				188B8CA62B55E6CE00913535 /* Preview Content */,
			);
			path = CardsOfOpprotunity;
			sourceTree = "<group>";
		};
		188B8CA62B55E6CE00913535 /* Preview Content */ = {
			isa = PBXGroup;
			children = (
				188B8CA72B55E6CE00913535 /* Preview Assets.xcassets */,
			);
			path = "Preview Content";
			sourceTree = "<group>";
		};
		188B8CB02B55E6CE00913535 /* CardsOfOpprotunityTests */ = {
			isa = PBXGroup;
			children = (
				188B8CB12B55E6CE00913535 /* CardsOfOpprotunityTests.swift */,
				1BD4FB9C2B5A3EA800A482A7 /* PlayerScoreTests.swift */,
				1BD4FB9E2B5A48CC00A482A7 /* MockNetworkManager.swift */,
				1BD4FBA02B5A49E200A482A7 /* NetworkingTests.swift */,
			);
			path = CardsOfOpprotunityTests;
			sourceTree = "<group>";
		};
		188B8CBA2B55E6CE00913535 /* CardsOfOpprotunityUITests */ = {
			isa = PBXGroup;
			children = (
				188B8CBB2B55E6CE00913535 /* CardsOfOpprotunityUITests.swift */,
				188B8CBD2B55E6CE00913535 /* CardsOfOpprotunityUITestsLaunchTests.swift */,
			);
			path = CardsOfOpprotunityUITests;
			sourceTree = "<group>";
		};
		1B5E716D2B57975100C3920B /* Model */ = {
			isa = PBXGroup;
			children = (
				1B5E716E2B57975800C3920B /* Card.swift */,
			);
			path = Model;
			sourceTree = "<group>";
		};
		1B5E71702B579E9900C3920B /* Views */ = {
			isa = PBXGroup;
			children = (
				1BCA26282B63687700075717 /* GameConfigViews */,
				1B5E71722B579EB600C3920B /* BoardGame */,
				1B5E71772B57ABA200C3920B /* LoadingButton.swift */,
			);
			path = Views;
			sourceTree = "<group>";
		};
		1B5E71712B579EAD00C3920B /* Utilities */ = {
			isa = PBXGroup;
			children = (
				1B5E71692B5789D300C3920B /* NetworkingError.swift */,
				1B83D8332B58F229007840F8 /* CardGameNetworkManager.swift */,
				1B83D8352B58FDB6007840F8 /* View+Extensions.swift */,
			);
			path = Utilities;
			sourceTree = "<group>";
		};
		1B5E71722B579EB600C3920B /* BoardGame */ = {
			isa = PBXGroup;
			children = (
				1B5E716B2B5796DB00C3920B /* GameViewModel.swift */,
				1B5E71752B579F0800C3920B /* BoardGameView.swift */,
				1B83D8312B58EA5E007840F8 /* CardSelectionView.swift */,
				1BCA26292B636A0600075717 /* PlayerDetails.swift */,
				1BA3B3282B661CBC00FA2955 /* GameOverView.swift */,
			);
			path = BoardGame;
			sourceTree = "<group>";
		};
		1B5E71742B579ED400C3920B /* Resources */ = {
			isa = PBXGroup;
			children = (
				188B8CA42B55E6CE00913535 /* Assets.xcassets */,
			);
			path = Resources;
			sourceTree = "<group>";
		};
		1BCA26282B63687700075717 /* GameConfigViews */ = {
			isa = PBXGroup;
			children = (
				18F090682B5C79B7006F250E /* SetupView.swift */,
				18F0906A2B5C79F3006F250E /* GameDataModel.swift */,
				1BCA26262B63654500075717 /* RulesView.swift */,
			);
			path = GameConfigViews;
			sourceTree = "<group>";
		};
/* End PBXGroup section */

/* Begin PBXNativeTarget section */
		188B8C9C2B55E6CD00913535 /* CardsOfOpprotunity */ = {
			isa = PBXNativeTarget;
			buildConfigurationList = 188B8CC12B55E6CE00913535 /* Build configuration list for PBXNativeTarget "CardsOfOpprotunity" */;
			buildPhases = (
				188B8C992B55E6CD00913535 /* Sources */,
				188B8C9A2B55E6CD00913535 /* Frameworks */,
				188B8C9B2B55E6CD00913535 /* Resources */,
			);
			buildRules = (
			);
			dependencies = (
			);
			name = CardsOfOpprotunity;
			productName = CardsOfOpprotunity;
			productReference = 188B8C9D2B55E6CD00913535 /* CardsOfOpprotunity.app */;
			productType = "com.apple.product-type.application";
		};
		188B8CAC2B55E6CE00913535 /* CardsOfOpprotunityTests */ = {
			isa = PBXNativeTarget;
			buildConfigurationList = 188B8CC42B55E6CE00913535 /* Build configuration list for PBXNativeTarget "CardsOfOpprotunityTests" */;
			buildPhases = (
				188B8CA92B55E6CE00913535 /* Sources */,
				188B8CAA2B55E6CE00913535 /* Frameworks */,
				188B8CAB2B55E6CE00913535 /* Resources */,
			);
			buildRules = (
			);
			dependencies = (
				188B8CAF2B55E6CE00913535 /* PBXTargetDependency */,
			);
			name = CardsOfOpprotunityTests;
			productName = CardsOfOpprotunityTests;
			productReference = 188B8CAD2B55E6CE00913535 /* CardsOfOpprotunityTests.xctest */;
			productType = "com.apple.product-type.bundle.unit-test";
		};
		188B8CB62B55E6CE00913535 /* CardsOfOpprotunityUITests */ = {
			isa = PBXNativeTarget;
			buildConfigurationList = 188B8CC72B55E6CE00913535 /* Build configuration list for PBXNativeTarget "CardsOfOpprotunityUITests" */;
			buildPhases = (
				188B8CB32B55E6CE00913535 /* Sources */,
				188B8CB42B55E6CE00913535 /* Frameworks */,
				188B8CB52B55E6CE00913535 /* Resources */,
			);
			buildRules = (
			);
			dependencies = (
				188B8CB92B55E6CE00913535 /* PBXTargetDependency */,
			);
			name = CardsOfOpprotunityUITests;
			productName = CardsOfOpprotunityUITests;
			productReference = 188B8CB72B55E6CE00913535 /* CardsOfOpprotunityUITests.xctest */;
			productType = "com.apple.product-type.bundle.ui-testing";
		};
/* End PBXNativeTarget section */

/* Begin PBXProject section */
		188B8C952B55E6CD00913535 /* Project object */ = {
			isa = PBXProject;
			attributes = {
				BuildIndependentTargetsInParallel = 1;
				LastSwiftUpdateCheck = 1520;
				LastUpgradeCheck = 1520;
				TargetAttributes = {
					188B8C9C2B55E6CD00913535 = {
						CreatedOnToolsVersion = 15.2;
					};
					188B8CAC2B55E6CE00913535 = {
						CreatedOnToolsVersion = 15.2;
						TestTargetID = 188B8C9C2B55E6CD00913535;
					};
					188B8CB62B55E6CE00913535 = {
						CreatedOnToolsVersion = 15.2;
						TestTargetID = 188B8C9C2B55E6CD00913535;
					};
				};
			};
			buildConfigurationList = 188B8C982B55E6CD00913535 /* Build configuration list for PBXProject "CardsOfOpprotunity" */;
			compatibilityVersion = "Xcode 14.0";
			developmentRegion = en;
			hasScannedForEncodings = 0;
			knownRegions = (
				en,
				Base,
			);
			mainGroup = 188B8C942B55E6CD00913535;
			productRefGroup = 188B8C9E2B55E6CD00913535 /* Products */;
			projectDirPath = "";
			projectRoot = "";
			targets = (
				188B8C9C2B55E6CD00913535 /* CardsOfOpprotunity */,
				188B8CAC2B55E6CE00913535 /* CardsOfOpprotunityTests */,
				188B8CB62B55E6CE00913535 /* CardsOfOpprotunityUITests */,
			);
		};
/* End PBXProject section */

/* Begin PBXResourcesBuildPhase section */
		188B8C9B2B55E6CD00913535 /* Resources */ = {
			isa = PBXResourcesBuildPhase;
			buildActionMask = 2147483647;
			files = (
				1BA63B7A2B60BCEB0003E42C /* LaunchScreen.storyboard in Resources */,
				188B8CA82B55E6CE00913535 /* Preview Assets.xcassets in Resources */,
				188B8CA52B55E6CE00913535 /* Assets.xcassets in Resources */,
			);
			runOnlyForDeploymentPostprocessing = 0;
		};
		188B8CAB2B55E6CE00913535 /* Resources */ = {
			isa = PBXResourcesBuildPhase;
			buildActionMask = 2147483647;
			files = (
			);
			runOnlyForDeploymentPostprocessing = 0;
		};
		188B8CB52B55E6CE00913535 /* Resources */ = {
			isa = PBXResourcesBuildPhase;
			buildActionMask = 2147483647;
			files = (
			);
			runOnlyForDeploymentPostprocessing = 0;
		};
/* End PBXResourcesBuildPhase section */

/* Begin PBXSourcesBuildPhase section */
		188B8C992B55E6CD00913535 /* Sources */ = {
			isa = PBXSourcesBuildPhase;
			buildActionMask = 2147483647;
			files = (
				1B83D8342B58F229007840F8 /* CardGameNetworkManager.swift in Sources */,
				1B5E71782B57ABA200C3920B /* LoadingButton.swift in Sources */,
				1BCA262A2B636A0600075717 /* PlayerDetails.swift in Sources */,
				1B5E716C2B5796DB00C3920B /* GameViewModel.swift in Sources */,
				1B5E716F2B57975800C3920B /* Card.swift in Sources */,
				1B5E71762B579F0800C3920B /* BoardGameView.swift in Sources */,
				1B83D8322B58EA5E007840F8 /* CardSelectionView.swift in Sources */,
				18F0906B2B5C79F3006F250E /* GameDataModel.swift in Sources */,
				1B5E716A2B5789D300C3920B /* NetworkingError.swift in Sources */,
				1BCA26272B63654500075717 /* RulesView.swift in Sources */,
				1BA3B3292B661CBC00FA2955 /* GameOverView.swift in Sources */,
				1B83D8362B58FDB6007840F8 /* View+Extensions.swift in Sources */,
				18F090692B5C79B7006F250E /* SetupView.swift in Sources */,
				188B8CA12B55E6CD00913535 /* CardsOfOpportunityApp.swift in Sources */,
			);
			runOnlyForDeploymentPostprocessing = 0;
		};
		188B8CA92B55E6CE00913535 /* Sources */ = {
			isa = PBXSourcesBuildPhase;
			buildActionMask = 2147483647;
			files = (
				1BD4FB9F2B5A48CC00A482A7 /* MockNetworkManager.swift in Sources */,
				188B8CB22B55E6CE00913535 /* CardsOfOpprotunityTests.swift in Sources */,
				1BD4FB9D2B5A3EA800A482A7 /* PlayerScoreTests.swift in Sources */,
				1BD4FBA12B5A49E200A482A7 /* NetworkingTests.swift in Sources */,
			);
			runOnlyForDeploymentPostprocessing = 0;
		};
		188B8CB32B55E6CE00913535 /* Sources */ = {
			isa = PBXSourcesBuildPhase;
			buildActionMask = 2147483647;
			files = (
				188B8CBC2B55E6CE00913535 /* CardsOfOpprotunityUITests.swift in Sources */,
				188B8CBE2B55E6CE00913535 /* CardsOfOpprotunityUITestsLaunchTests.swift in Sources */,
			);
			runOnlyForDeploymentPostprocessing = 0;
		};
/* End PBXSourcesBuildPhase section */

/* Begin PBXTargetDependency section */
		188B8CAF2B55E6CE00913535 /* PBXTargetDependency */ = {
			isa = PBXTargetDependency;
			target = 188B8C9C2B55E6CD00913535 /* CardsOfOpprotunity */;
			targetProxy = 188B8CAE2B55E6CE00913535 /* PBXContainerItemProxy */;
		};
		188B8CB92B55E6CE00913535 /* PBXTargetDependency */ = {
			isa = PBXTargetDependency;
			target = 188B8C9C2B55E6CD00913535 /* CardsOfOpprotunity */;
			targetProxy = 188B8CB82B55E6CE00913535 /* PBXContainerItemProxy */;
		};
/* End PBXTargetDependency section */

/* Begin XCBuildConfiguration section */
		188B8CBF2B55E6CE00913535 /* Debug */ = {
			isa = XCBuildConfiguration;
			buildSettings = {
				ALWAYS_SEARCH_USER_PATHS = NO;
				ASSETCATALOG_COMPILER_GENERATE_SWIFT_ASSET_SYMBOL_EXTENSIONS = YES;
				CLANG_ANALYZER_NONNULL = YES;
				CLANG_ANALYZER_NUMBER_OBJECT_CONVERSION = YES_AGGRESSIVE;
				CLANG_CXX_LANGUAGE_STANDARD = "gnu++20";
				CLANG_ENABLE_MODULES = YES;
				CLANG_ENABLE_OBJC_ARC = YES;
				CLANG_ENABLE_OBJC_WEAK = YES;
				CLANG_WARN_BLOCK_CAPTURE_AUTORELEASING = YES;
				CLANG_WARN_BOOL_CONVERSION = YES;
				CLANG_WARN_COMMA = YES;
				CLANG_WARN_CONSTANT_CONVERSION = YES;
				CLANG_WARN_DEPRECATED_OBJC_IMPLEMENTATIONS = YES;
				CLANG_WARN_DIRECT_OBJC_ISA_USAGE = YES_ERROR;
				CLANG_WARN_DOCUMENTATION_COMMENTS = YES;
				CLANG_WARN_EMPTY_BODY = YES;
				CLANG_WARN_ENUM_CONVERSION = YES;
				CLANG_WARN_INFINITE_RECURSION = YES;
				CLANG_WARN_INT_CONVERSION = YES;
				CLANG_WARN_NON_LITERAL_NULL_CONVERSION = YES;
				CLANG_WARN_OBJC_IMPLICIT_RETAIN_SELF = YES;
				CLANG_WARN_OBJC_LITERAL_CONVERSION = YES;
				CLANG_WARN_OBJC_ROOT_CLASS = YES_ERROR;
				CLANG_WARN_QUOTED_INCLUDE_IN_FRAMEWORK_HEADER = YES;
				CLANG_WARN_RANGE_LOOP_ANALYSIS = YES;
				CLANG_WARN_STRICT_PROTOTYPES = YES;
				CLANG_WARN_SUSPICIOUS_MOVE = YES;
				CLANG_WARN_UNGUARDED_AVAILABILITY = YES_AGGRESSIVE;
				CLANG_WARN_UNREACHABLE_CODE = YES;
				CLANG_WARN__DUPLICATE_METHOD_MATCH = YES;
				COPY_PHASE_STRIP = NO;
				DEBUG_INFORMATION_FORMAT = dwarf;
				ENABLE_STRICT_OBJC_MSGSEND = YES;
				ENABLE_TESTABILITY = YES;
				ENABLE_USER_SCRIPT_SANDBOXING = YES;
				GCC_C_LANGUAGE_STANDARD = gnu17;
				GCC_DYNAMIC_NO_PIC = NO;
				GCC_NO_COMMON_BLOCKS = YES;
				GCC_OPTIMIZATION_LEVEL = 0;
				GCC_PREPROCESSOR_DEFINITIONS = (
					"DEBUG=1",
					"$(inherited)",
				);
				GCC_WARN_64_TO_32_BIT_CONVERSION = YES;
				GCC_WARN_ABOUT_RETURN_TYPE = YES_ERROR;
				GCC_WARN_UNDECLARED_SELECTOR = YES;
				GCC_WARN_UNINITIALIZED_AUTOS = YES_AGGRESSIVE;
				GCC_WARN_UNUSED_FUNCTION = YES;
				GCC_WARN_UNUSED_VARIABLE = YES;
				IPHONEOS_DEPLOYMENT_TARGET = 17.2;
				LOCALIZATION_PREFERS_STRING_CATALOGS = YES;
				MTL_ENABLE_DEBUG_INFO = INCLUDE_SOURCE;
				MTL_FAST_MATH = YES;
				ONLY_ACTIVE_ARCH = YES;
				SDKROOT = iphoneos;
				SWIFT_ACTIVE_COMPILATION_CONDITIONS = "DEBUG $(inherited)";
				SWIFT_OPTIMIZATION_LEVEL = "-Onone";
			};
			name = Debug;
		};
		188B8CC02B55E6CE00913535 /* Release */ = {
			isa = XCBuildConfiguration;
			buildSettings = {
				ALWAYS_SEARCH_USER_PATHS = NO;
				ASSETCATALOG_COMPILER_GENERATE_SWIFT_ASSET_SYMBOL_EXTENSIONS = YES;
				CLANG_ANALYZER_NONNULL = YES;
				CLANG_ANALYZER_NUMBER_OBJECT_CONVERSION = YES_AGGRESSIVE;
				CLANG_CXX_LANGUAGE_STANDARD = "gnu++20";
				CLANG_ENABLE_MODULES = YES;
				CLANG_ENABLE_OBJC_ARC = YES;
				CLANG_ENABLE_OBJC_WEAK = YES;
				CLANG_WARN_BLOCK_CAPTURE_AUTORELEASING = YES;
				CLANG_WARN_BOOL_CONVERSION = YES;
				CLANG_WARN_COMMA = YES;
				CLANG_WARN_CONSTANT_CONVERSION = YES;
				CLANG_WARN_DEPRECATED_OBJC_IMPLEMENTATIONS = YES;
				CLANG_WARN_DIRECT_OBJC_ISA_USAGE = YES_ERROR;
				CLANG_WARN_DOCUMENTATION_COMMENTS = YES;
				CLANG_WARN_EMPTY_BODY = YES;
				CLANG_WARN_ENUM_CONVERSION = YES;
				CLANG_WARN_INFINITE_RECURSION = YES;
				CLANG_WARN_INT_CONVERSION = YES;
				CLANG_WARN_NON_LITERAL_NULL_CONVERSION = YES;
				CLANG_WARN_OBJC_IMPLICIT_RETAIN_SELF = YES;
				CLANG_WARN_OBJC_LITERAL_CONVERSION = YES;
				CLANG_WARN_OBJC_ROOT_CLASS = YES_ERROR;
				CLANG_WARN_QUOTED_INCLUDE_IN_FRAMEWORK_HEADER = YES;
				CLANG_WARN_RANGE_LOOP_ANALYSIS = YES;
				CLANG_WARN_STRICT_PROTOTYPES = YES;
				CLANG_WARN_SUSPICIOUS_MOVE = YES;
				CLANG_WARN_UNGUARDED_AVAILABILITY = YES_AGGRESSIVE;
				CLANG_WARN_UNREACHABLE_CODE = YES;
				CLANG_WARN__DUPLICATE_METHOD_MATCH = YES;
				COPY_PHASE_STRIP = NO;
				DEBUG_INFORMATION_FORMAT = "dwarf-with-dsym";
				ENABLE_NS_ASSERTIONS = NO;
				ENABLE_STRICT_OBJC_MSGSEND = YES;
				ENABLE_USER_SCRIPT_SANDBOXING = YES;
				GCC_C_LANGUAGE_STANDARD = gnu17;
				GCC_NO_COMMON_BLOCKS = YES;
				GCC_WARN_64_TO_32_BIT_CONVERSION = YES;
				GCC_WARN_ABOUT_RETURN_TYPE = YES_ERROR;
				GCC_WARN_UNDECLARED_SELECTOR = YES;
				GCC_WARN_UNINITIALIZED_AUTOS = YES_AGGRESSIVE;
				GCC_WARN_UNUSED_FUNCTION = YES;
				GCC_WARN_UNUSED_VARIABLE = YES;
				IPHONEOS_DEPLOYMENT_TARGET = 17.2;
				LOCALIZATION_PREFERS_STRING_CATALOGS = YES;
				MTL_ENABLE_DEBUG_INFO = NO;
				MTL_FAST_MATH = YES;
				SDKROOT = iphoneos;
				SWIFT_COMPILATION_MODE = wholemodule;
				VALIDATE_PRODUCT = YES;
			};
			name = Release;
		};
		188B8CC22B55E6CE00913535 /* Debug */ = {
			isa = XCBuildConfiguration;
			buildSettings = {
				ASSETCATALOG_COMPILER_APPICON_NAME = AppIcon;
				ASSETCATALOG_COMPILER_GLOBAL_ACCENT_COLOR_NAME = AccentColor;
				CODE_SIGN_STYLE = Automatic;
				CURRENT_PROJECT_VERSION = 4;
				DEVELOPMENT_ASSET_PATHS = "\"CardsOfOpprotunity/Preview Content\"";
				DEVELOPMENT_TEAM = L7AYJDAX2C;
				ENABLE_PREVIEWS = YES;
				GENERATE_INFOPLIST_FILE = YES;
				INFOPLIST_KEY_LSApplicationCategoryType = "public.app-category.entertainment";
				INFOPLIST_KEY_UIApplicationSceneManifest_Generation = YES;
				INFOPLIST_KEY_UIApplicationSupportsIndirectInputEvents = YES;
				INFOPLIST_KEY_UILaunchScreen_Generation = YES;
				INFOPLIST_KEY_UILaunchStoryboardName = LaunchScreen;
				INFOPLIST_KEY_UISupportedInterfaceOrientations = UIInterfaceOrientationPortrait;
				INFOPLIST_KEY_UISupportedInterfaceOrientations_iPad = "UIInterfaceOrientationLandscapeLeft UIInterfaceOrientationLandscapeRight UIInterfaceOrientationPortrait UIInterfaceOrientationPortraitUpsideDown";
				LD_RUNPATH_SEARCH_PATHS = (
					"$(inherited)",
					"@executable_path/Frameworks",
				);
				MARKETING_VERSION = 1.0;
				PRODUCT_BUNDLE_IDENTIFIER = kendricklewis.CardsOfOpprotunity;
				PRODUCT_NAME = "$(TARGET_NAME)";
				SUPPORTED_PLATFORMS = "iphoneos iphonesimulator";
				SUPPORTS_MACCATALYST = NO;
				SUPPORTS_MAC_DESIGNED_FOR_IPHONE_IPAD = NO;
				SUPPORTS_XR_DESIGNED_FOR_IPHONE_IPAD = NO;
				SWIFT_EMIT_LOC_STRINGS = YES;
				SWIFT_VERSION = 5.0;
				TARGETED_DEVICE_FAMILY = 1;
			};
			name = Debug;
		};
		188B8CC32B55E6CE00913535 /* Release */ = {
			isa = XCBuildConfiguration;
			buildSettings = {
				ASSETCATALOG_COMPILER_APPICON_NAME = AppIcon;
				ASSETCATALOG_COMPILER_GLOBAL_ACCENT_COLOR_NAME = AccentColor;
				CODE_SIGN_STYLE = Automatic;
				CURRENT_PROJECT_VERSION = 4;
				DEVELOPMENT_ASSET_PATHS = "\"CardsOfOpprotunity/Preview Content\"";
				DEVELOPMENT_TEAM = L7AYJDAX2C;
				ENABLE_PREVIEWS = YES;
				GENERATE_INFOPLIST_FILE = YES;
				INFOPLIST_KEY_LSApplicationCategoryType = "public.app-category.entertainment";
				INFOPLIST_KEY_UIApplicationSceneManifest_Generation = YES;
				INFOPLIST_KEY_UIApplicationSupportsIndirectInputEvents = YES;
				INFOPLIST_KEY_UILaunchScreen_Generation = YES;
				INFOPLIST_KEY_UILaunchStoryboardName = LaunchScreen;
				INFOPLIST_KEY_UISupportedInterfaceOrientations = UIInterfaceOrientationPortrait;
				INFOPLIST_KEY_UISupportedInterfaceOrientations_iPad = "UIInterfaceOrientationLandscapeLeft UIInterfaceOrientationLandscapeRight UIInterfaceOrientationPortrait UIInterfaceOrientationPortraitUpsideDown";
				LD_RUNPATH_SEARCH_PATHS = (
					"$(inherited)",
					"@executable_path/Frameworks",
				);
				MARKETING_VERSION = 1.0;
				PRODUCT_BUNDLE_IDENTIFIER = kendricklewis.CardsOfOpprotunity;
				PRODUCT_NAME = "$(TARGET_NAME)";
				SUPPORTED_PLATFORMS = "iphoneos iphonesimulator";
				SUPPORTS_MACCATALYST = NO;
				SUPPORTS_MAC_DESIGNED_FOR_IPHONE_IPAD = NO;
				SUPPORTS_XR_DESIGNED_FOR_IPHONE_IPAD = NO;
				SWIFT_EMIT_LOC_STRINGS = YES;
				SWIFT_VERSION = 5.0;
				TARGETED_DEVICE_FAMILY = 1;
			};
			name = Release;
		};
		188B8CC52B55E6CE00913535 /* Debug */ = {
			isa = XCBuildConfiguration;
			buildSettings = {
				ALWAYS_EMBED_SWIFT_STANDARD_LIBRARIES = YES;
				BUNDLE_LOADER = "$(TEST_HOST)";
				CODE_SIGN_STYLE = Automatic;
				CURRENT_PROJECT_VERSION = 1;
				DEVELOPMENT_TEAM = 298HJPYB3Y;
				GENERATE_INFOPLIST_FILE = YES;
				IPHONEOS_DEPLOYMENT_TARGET = 17.2;
				MARKETING_VERSION = 1.0;
				PRODUCT_BUNDLE_IDENTIFIER = kendricklewis.CardsOfOpprotunityTests;
				PRODUCT_NAME = "$(TARGET_NAME)";
				SWIFT_EMIT_LOC_STRINGS = NO;
				SWIFT_VERSION = 5.0;
				TARGETED_DEVICE_FAMILY = "1,2";
				TEST_HOST = "$(BUILT_PRODUCTS_DIR)/CardsOfOpprotunity.app/$(BUNDLE_EXECUTABLE_FOLDER_PATH)/CardsOfOpprotunity";
			};
			name = Debug;
		};
		188B8CC62B55E6CE00913535 /* Release */ = {
			isa = XCBuildConfiguration;
			buildSettings = {
				ALWAYS_EMBED_SWIFT_STANDARD_LIBRARIES = YES;
				BUNDLE_LOADER = "$(TEST_HOST)";
				CODE_SIGN_STYLE = Automatic;
				CURRENT_PROJECT_VERSION = 1;
				DEVELOPMENT_TEAM = 298HJPYB3Y;
				GENERATE_INFOPLIST_FILE = YES;
				IPHONEOS_DEPLOYMENT_TARGET = 17.2;
				MARKETING_VERSION = 1.0;
				PRODUCT_BUNDLE_IDENTIFIER = kendricklewis.CardsOfOpprotunityTests;
				PRODUCT_NAME = "$(TARGET_NAME)";
				SWIFT_EMIT_LOC_STRINGS = NO;
				SWIFT_VERSION = 5.0;
				TARGETED_DEVICE_FAMILY = "1,2";
				TEST_HOST = "$(BUILT_PRODUCTS_DIR)/CardsOfOpprotunity.app/$(BUNDLE_EXECUTABLE_FOLDER_PATH)/CardsOfOpprotunity";
			};
			name = Release;
		};
		188B8CC82B55E6CE00913535 /* Debug */ = {
			isa = XCBuildConfiguration;
			buildSettings = {
				ALWAYS_EMBED_SWIFT_STANDARD_LIBRARIES = YES;
				CODE_SIGN_STYLE = Automatic;
				CURRENT_PROJECT_VERSION = 1;
				DEVELOPMENT_TEAM = L7AYJDAX2C;
				GENERATE_INFOPLIST_FILE = YES;
				MARKETING_VERSION = 1.0;
				PRODUCT_BUNDLE_IDENTIFIER = kendricklewis.CardsOfOpprotunityUITests;
				PRODUCT_NAME = "$(TARGET_NAME)";
				SWIFT_EMIT_LOC_STRINGS = NO;
				SWIFT_VERSION = 5.0;
				TARGETED_DEVICE_FAMILY = "1,2";
				TEST_TARGET_NAME = CardsOfOpprotunity;
			};
			name = Debug;
		};
		188B8CC92B55E6CE00913535 /* Release */ = {
			isa = XCBuildConfiguration;
			buildSettings = {
				ALWAYS_EMBED_SWIFT_STANDARD_LIBRARIES = YES;
				CODE_SIGN_STYLE = Automatic;
				CURRENT_PROJECT_VERSION = 1;
				DEVELOPMENT_TEAM = L7AYJDAX2C;
				GENERATE_INFOPLIST_FILE = YES;
				MARKETING_VERSION = 1.0;
				PRODUCT_BUNDLE_IDENTIFIER = kendricklewis.CardsOfOpprotunityUITests;
				PRODUCT_NAME = "$(TARGET_NAME)";
				SWIFT_EMIT_LOC_STRINGS = NO;
				SWIFT_VERSION = 5.0;
				TARGETED_DEVICE_FAMILY = "1,2";
				TEST_TARGET_NAME = CardsOfOpprotunity;
			};
			name = Release;
		};
/* End XCBuildConfiguration section */

/* Begin XCConfigurationList section */
		188B8C982B55E6CD00913535 /* Build configuration list for PBXProject "CardsOfOpprotunity" */ = {
			isa = XCConfigurationList;
			buildConfigurations = (
				188B8CBF2B55E6CE00913535 /* Debug */,
				188B8CC02B55E6CE00913535 /* Release */,
			);
			defaultConfigurationIsVisible = 0;
			defaultConfigurationName = Release;
		};
		188B8CC12B55E6CE00913535 /* Build configuration list for PBXNativeTarget "CardsOfOpprotunity" */ = {
			isa = XCConfigurationList;
			buildConfigurations = (
				188B8CC22B55E6CE00913535 /* Debug */,
				188B8CC32B55E6CE00913535 /* Release */,
			);
			defaultConfigurationIsVisible = 0;
			defaultConfigurationName = Release;
		};
		188B8CC42B55E6CE00913535 /* Build configuration list for PBXNativeTarget "CardsOfOpprotunityTests" */ = {
			isa = XCConfigurationList;
			buildConfigurations = (
				188B8CC52B55E6CE00913535 /* Debug */,
				188B8CC62B55E6CE00913535 /* Release */,
			);
			defaultConfigurationIsVisible = 0;
			defaultConfigurationName = Release;
		};
		188B8CC72B55E6CE00913535 /* Build configuration list for PBXNativeTarget "CardsOfOpprotunityUITests" */ = {
			isa = XCConfigurationList;
			buildConfigurations = (
				188B8CC82B55E6CE00913535 /* Debug */,
				188B8CC92B55E6CE00913535 /* Release */,
			);
			defaultConfigurationIsVisible = 0;
			defaultConfigurationName = Release;
		};
/* End XCConfigurationList section */
	};
	rootObject = 188B8C952B55E6CD00913535 /* Project object */;
}
